
Microsoft Visual Studio Solution File, Format Version 12.00
# Visual Studio 15
VisualStudioVersion = 15.0.28307.106
MinimumVisualStudioVersion = 10.0.40219.1
Project("{FAE04EC0-301F-11D3-BF4B-00C04F79EFBC}") = "BCryptHelperBenchmark.Console.Framework", "BCryptHelperBenchmark.Console.Framework\BCryptHelperBenchmark.Console.Framework.csproj", "{8D85220B-141A-42A5-A9C9-115A78662932}"
EndProject
Project("{FAE04EC0-301F-11D3-BF4B-00C04F79EFBC}") = "BCryptHelperBenchmark.Console.DotNetCore", "BCryptHelperBenchmark.Console.DotNetCore\BCryptHelperBenchmark.Console.DotNetCore.csproj", "{D07107FE-0EEE-4941-8D7B-A8AC30DAA394}"
EndProject
Global
	GlobalSection(SolutionConfigurationPlatforms) = preSolution
		Debug|Any CPU = Debug|Any CPU
		Release|Any CPU = Release|Any CPU
	EndGlobalSection
	GlobalSection(ProjectConfigurationPlatforms) = postSolution
		{8D85220B-141A-42A5-A9C9-115A78662932}.Debug|Any CPU.ActiveCfg = Debug|Any CPU
		{8D85220B-141A-42A5-A9C9-115A78662932}.Debug|Any CPU.Build.0 = Debug|Any CPU
		{8D85220B-141A-42A5-A9C9-115A78662932}.Release|Any CPU.ActiveCfg = Release|Any CPU
		{8D85220B-141A-42A5-A9C9-115A78662932}.Release|Any CPU.Build.0 = Release|Any CPU
		{D07107FE-0EEE-4941-8D7B-A8AC30DAA394}.Debug|Any CPU.ActiveCfg = Debug|Any CPU
		{D07107FE-0EEE-4941-8D7B-A8AC30DAA394}.Debug|Any CPU.Build.0 = Debug|Any CPU
		{D07107FE-0EEE-4941-8D7B-A8AC30DAA394}.Release|Any CPU.ActiveCfg = Release|Any CPU
		{D07107FE-0EEE-4941-8D7B-A8AC30DAA394}.Release|Any CPU.Build.0 = Release|Any CPU
	EndGlobalSection
	GlobalSection(SolutionProperties) = preSolution
		HideSolutionNode = FALSE
	EndGlobalSection
	GlobalSection(ExtensibilityGlobals) = postSolution
		SolutionGuid = {1348D324-CAAC-45A6-96D9-9AB869A02EA4}
	EndGlobalSection
EndGlobal
